
Microsoft Visual Studio Solution File, Format Version 12.00
# Visual Studio Version 17
VisualStudioVersion = 17.9.34714.143
MinimumVisualStudioVersion = 10.0.40219.1
Project("{9A19103F-16F7-4668-BE54-9A1E7A4F7556}") = "to-do-list-crud-api", "to-do-list-crud-api.csproj", "{590BBC8F-21A9-42BB-9736-3DF48FB3F374}"
EndProject
Global
	GlobalSection(SolutionConfigurationPlatforms) = preSolution
		Debug|Any CPU = Debug|Any CPU
		Release|Any CPU = Release|Any CPU
	EndGlobalSection
	GlobalSection(ProjectConfigurationPlatforms) = postSolution
		{590BBC8F-21A9-42BB-9736-3DF48FB3F374}.Debug|Any CPU.ActiveCfg = Debug|Any CPU
		{590BBC8F-21A9-42BB-9736-3DF48FB3F374}.Debug|Any CPU.Build.0 = Debug|Any CPU
		{590BBC8F-21A9-42BB-9736-3DF48FB3F374}.Release|Any CPU.ActiveCfg = Release|Any CPU
		{590BBC8F-21A9-42BB-9736-3DF48FB3F374}.Release|Any CPU.Build.0 = Release|Any CPU
	EndGlobalSection
	GlobalSection(SolutionProperties) = preSolution
		HideSolutionNode = FALSE
	EndGlobalSection
	GlobalSection(ExtensibilityGlobals) = postSolution
		SolutionGuid = {2969A79A-EC6A-45FB-BFED-39A523ABC650}
	EndGlobalSection
EndGlobal
